
Microsoft Visual Studio Solution File, Format Version 11.00
# Visual Studio 2010
Project("{F184B08F-C81C-45F6-A57F-5ABD9991F28F}") = "Acc_System_Remote", "Acc_System_Remote\Acc_System_Remote.vbproj", "{36A3287F-AFBE-4C44-B496-A301EDEB77F4}"
EndProject
Global
	GlobalSection(SolutionConfigurationPlatforms) = preSolution
		Debug|x86 = Debug|x86
		Release|x86 = Release|x86
	EndGlobalSection
	GlobalSection(ProjectConfigurationPlatforms) = postSolution
		{36A3287F-AFBE-4C44-B496-A301EDEB77F4}.Debug|x86.ActiveCfg = Debug|x86
		{36A3287F-AFBE-4C44-B496-A301EDEB77F4}.Debug|x86.Build.0 = Debug|x86
		{36A3287F-AFBE-4C44-B496-A301EDEB77F4}.Release|x86.ActiveCfg = Release|x86
		{36A3287F-AFBE-4C44-B496-A301EDEB77F4}.Release|x86.Build.0 = Release|x86
	EndGlobalSection
	GlobalSection(SolutionProperties) = preSolution
		HideSolutionNode = FALSE
	EndGlobalSection
EndGlobal
